
Microsoft Visual Studio Solution File, Format Version 12.00
# Visual Studio Version 16
VisualStudioVersion = 16.0.32428.217
MinimumVisualStudioVersion = 10.0.40219.1
Project("{FAE04EC0-301F-11D3-BF4B-00C04F79EFBC}") = "UpdatedLogger", "UpdatedLogger\UpdatedLogger.csproj", "{7C16EF60-5A34-49DD-BEDA-F95250C30675}"
EndProject
Global
	GlobalSection(SolutionConfigurationPlatforms) = preSolution
		Debug|Any CPU = Debug|Any CPU
		Release|Any CPU = Release|Any CPU
	EndGlobalSection
	GlobalSection(ProjectConfigurationPlatforms) = postSolution
		{7C16EF60-5A34-49DD-BEDA-F95250C30675}.Debug|Any CPU.ActiveCfg = Debug|Any CPU
		{7C16EF60-5A34-49DD-BEDA-F95250C30675}.Debug|Any CPU.Build.0 = Debug|Any CPU
		{7C16EF60-5A34-49DD-BEDA-F95250C30675}.Release|Any CPU.ActiveCfg = Release|Any CPU
		{7C16EF60-5A34-49DD-BEDA-F95250C30675}.Release|Any CPU.Build.0 = Release|Any CPU
	EndGlobalSection
	GlobalSection(SolutionProperties) = preSolution
		HideSolutionNode = FALSE
	EndGlobalSection
	GlobalSection(ExtensibilityGlobals) = postSolution
		SolutionGuid = {7D2DA678-C330-43D8-90F6-E0E8039743D5}
	EndGlobalSection
EndGlobal
