
Microsoft Visual Studio Solution File, Format Version 12.00
# Visual Studio Version 16
VisualStudioVersion = 16.0.32428.217
MinimumVisualStudioVersion = 10.0.40219.1
Project("{FAE04EC0-301F-11D3-BF4B-00C04F79EFBC}") = "Zoo", "Zoo\Zoo.csproj", "{C0AF1CB4-AA2E-4F17-B8A3-2372593DE3AD}"
EndProject
Global
	GlobalSection(SolutionConfigurationPlatforms) = preSolution
		Debug|Any CPU = Debug|Any CPU
		Release|Any CPU = Release|Any CPU
	EndGlobalSection
	GlobalSection(ProjectConfigurationPlatforms) = postSolution
		{C0AF1CB4-AA2E-4F17-B8A3-2372593DE3AD}.Debug|Any CPU.ActiveCfg = Debug|Any CPU
		{C0AF1CB4-AA2E-4F17-B8A3-2372593DE3AD}.Debug|Any CPU.Build.0 = Debug|Any CPU
		{C0AF1CB4-AA2E-4F17-B8A3-2372593DE3AD}.Release|Any CPU.ActiveCfg = Release|Any CPU
		{C0AF1CB4-AA2E-4F17-B8A3-2372593DE3AD}.Release|Any CPU.Build.0 = Release|Any CPU
	EndGlobalSection
	GlobalSection(SolutionProperties) = preSolution
		HideSolutionNode = FALSE
	EndGlobalSection
	GlobalSection(ExtensibilityGlobals) = postSolution
		SolutionGuid = {C14B7FDA-E87B-4268-BBD0-CA30FDEF1EB5}
	EndGlobalSection
EndGlobal
