
Microsoft Visual Studio Solution File, Format Version 12.00
# Visual Studio Version 16
VisualStudioVersion = 16.0.32510.428
MinimumVisualStudioVersion = 10.0.40219.1
Project("{FAE04EC0-301F-11D3-BF4B-00C04F79EFBC}") = "Delegates", "Delegates\Delegates.csproj", "{A5EB0EA9-348E-4F92-82B4-556B2DEC3BB5}"
EndProject
Global
	GlobalSection(SolutionConfigurationPlatforms) = preSolution
		Debug|Any CPU = Debug|Any CPU
		Release|Any CPU = Release|Any CPU
	EndGlobalSection
	GlobalSection(ProjectConfigurationPlatforms) = postSolution
		{A5EB0EA9-348E-4F92-82B4-556B2DEC3BB5}.Debug|Any CPU.ActiveCfg = Debug|Any CPU
		{A5EB0EA9-348E-4F92-82B4-556B2DEC3BB5}.Debug|Any CPU.Build.0 = Debug|Any CPU
		{A5EB0EA9-348E-4F92-82B4-556B2DEC3BB5}.Release|Any CPU.ActiveCfg = Release|Any CPU
		{A5EB0EA9-348E-4F92-82B4-556B2DEC3BB5}.Release|Any CPU.Build.0 = Release|Any CPU
	EndGlobalSection
	GlobalSection(SolutionProperties) = preSolution
		HideSolutionNode = FALSE
	EndGlobalSection
	GlobalSection(ExtensibilityGlobals) = postSolution
		SolutionGuid = {7D18FBC8-5E77-4538-BC0D-ADD3F01BB953}
	EndGlobalSection
EndGlobal
