
Microsoft Visual Studio Solution File, Format Version 12.00
# Visual Studio Version 16
VisualStudioVersion = 16.0.32510.428
MinimumVisualStudioVersion = 10.0.40219.1
Project("{FAE04EC0-301F-11D3-BF4B-00C04F79EFBC}") = "DelegatesAndLINQ", "DelegatesAndLINQ\DelegatesAndLINQ.csproj", "{87A35450-2C54-49D0-9EA3-4F9E1292B9E7}"
EndProject
Global
	GlobalSection(SolutionConfigurationPlatforms) = preSolution
		Debug|Any CPU = Debug|Any CPU
		Release|Any CPU = Release|Any CPU
	EndGlobalSection
	GlobalSection(ProjectConfigurationPlatforms) = postSolution
		{87A35450-2C54-49D0-9EA3-4F9E1292B9E7}.Debug|Any CPU.ActiveCfg = Debug|Any CPU
		{87A35450-2C54-49D0-9EA3-4F9E1292B9E7}.Debug|Any CPU.Build.0 = Debug|Any CPU
		{87A35450-2C54-49D0-9EA3-4F9E1292B9E7}.Release|Any CPU.ActiveCfg = Release|Any CPU
		{87A35450-2C54-49D0-9EA3-4F9E1292B9E7}.Release|Any CPU.Build.0 = Release|Any CPU
	EndGlobalSection
	GlobalSection(SolutionProperties) = preSolution
		HideSolutionNode = FALSE
	EndGlobalSection
	GlobalSection(ExtensibilityGlobals) = postSolution
		SolutionGuid = {CDEDC9F5-7299-450A-996F-FA088CB5C239}
	EndGlobalSection
EndGlobal
